
Microsoft Visual Studio Solution File, Format Version 12.00
# Visual Studio 2012
Project("{FAE04EC0-301F-11D3-BF4B-00C04F79EFBC}") = "MvcApp1", "MvcApp1\MvcApp1.csproj", "{668DB89F-CA59-4B03-9DD6-4AC5E6EFE848}"
EndProject
Global
	GlobalSection(SolutionConfigurationPlatforms) = preSolution
		Debug|Any CPU = Debug|Any CPU
		Release|Any CPU = Release|Any CPU
	EndGlobalSection
	GlobalSection(ProjectConfigurationPlatforms) = postSolution
		{668DB89F-CA59-4B03-9DD6-4AC5E6EFE848}.Debug|Any CPU.ActiveCfg = Debug|Any CPU
		{668DB89F-CA59-4B03-9DD6-4AC5E6EFE848}.Debug|Any CPU.Build.0 = Debug|Any CPU
		{668DB89F-CA59-4B03-9DD6-4AC5E6EFE848}.Release|Any CPU.ActiveCfg = Release|Any CPU
		{668DB89F-CA59-4B03-9DD6-4AC5E6EFE848}.Release|Any CPU.Build.0 = Release|Any CPU
	EndGlobalSection
	GlobalSection(SolutionProperties) = preSolution
		HideSolutionNode = FALSE
	EndGlobalSection
EndGlobal
